
Microsoft Visual Studio Solution File, Format Version 12.00
# Visual Studio 2012
Project("{535C04D7-A2A5-47C7-83E0-B340A995CD1F}") = "Program1ChaseKnapp", "Program1ChaseKnapp.cblproj", "{B08851B6-29B0-4B77-91E0-BD2131B8E92C}"
EndProject
Global
	GlobalSection(SolutionConfigurationPlatforms) = preSolution
		Debug|x86 = Debug|x86
		Release|x86 = Release|x86
	EndGlobalSection
	GlobalSection(ProjectConfigurationPlatforms) = postSolution
		{B08851B6-29B0-4B77-91E0-BD2131B8E92C}.Debug|x86.ActiveCfg = Debug|x86
		{B08851B6-29B0-4B77-91E0-BD2131B8E92C}.Debug|x86.Build.0 = Debug|x86
		{B08851B6-29B0-4B77-91E0-BD2131B8E92C}.Release|x86.ActiveCfg = Release|x86
		{B08851B6-29B0-4B77-91E0-BD2131B8E92C}.Release|x86.Build.0 = Release|x86
	EndGlobalSection
	GlobalSection(SolutionProperties) = preSolution
		HideSolutionNode = FALSE
	EndGlobalSection
EndGlobal
